
Microsoft Visual Studio Solution File, Format Version 12.00
# Visual Studio Version 17
VisualStudioVersion = 17.3.32929.385
MinimumVisualStudioVersion = 10.0.40219.1
Project("{FAE04EC0-301F-11D3-BF4B-00C04F79EFBC}") = "MonsterSim", "ConsoleApp1\MonsterSim.csproj", "{3010D3C1-F1D7-4643-A656-ED4807304970}"
EndProject
Global
	GlobalSection(SolutionConfigurationPlatforms) = preSolution
		Debug|Any CPU = Debug|Any CPU
		Release|Any CPU = Release|Any CPU
	EndGlobalSection
	GlobalSection(ProjectConfigurationPlatforms) = postSolution
		{3010D3C1-F1D7-4643-A656-ED4807304970}.Debug|Any CPU.ActiveCfg = Debug|Any CPU
		{3010D3C1-F1D7-4643-A656-ED4807304970}.Debug|Any CPU.Build.0 = Debug|Any CPU
		{3010D3C1-F1D7-4643-A656-ED4807304970}.Release|Any CPU.ActiveCfg = Release|Any CPU
		{3010D3C1-F1D7-4643-A656-ED4807304970}.Release|Any CPU.Build.0 = Release|Any CPU
	EndGlobalSection
	GlobalSection(SolutionProperties) = preSolution
		HideSolutionNode = FALSE
	EndGlobalSection
	GlobalSection(ExtensibilityGlobals) = postSolution
		SolutionGuid = {AAA878CB-D9AA-4498-BC25-2D568710742F}
	EndGlobalSection
EndGlobal
